
Microsoft Visual Studio Solution File, Format Version 12.00
# Visual Studio Version 16
VisualStudioVersion = 16.0.32413.511
MinimumVisualStudioVersion = 10.0.40219.1
Project("{FAE04EC0-301F-11D3-BF4B-00C04F79EFBC}") = "Lab06_Akopyants", "Lab06_Akopyants\Lab06_Akopyants.csproj", "{1AE80F92-EA6F-48F2-A7D5-6B1420ED35C3}"
EndProject
Global
	GlobalSection(SolutionConfigurationPlatforms) = preSolution
		Debug|Any CPU = Debug|Any CPU
		Release|Any CPU = Release|Any CPU
	EndGlobalSection
	GlobalSection(ProjectConfigurationPlatforms) = postSolution
		{1AE80F92-EA6F-48F2-A7D5-6B1420ED35C3}.Debug|Any CPU.ActiveCfg = Debug|Any CPU
		{1AE80F92-EA6F-48F2-A7D5-6B1420ED35C3}.Debug|Any CPU.Build.0 = Debug|Any CPU
		{1AE80F92-EA6F-48F2-A7D5-6B1420ED35C3}.Release|Any CPU.ActiveCfg = Release|Any CPU
		{1AE80F92-EA6F-48F2-A7D5-6B1420ED35C3}.Release|Any CPU.Build.0 = Release|Any CPU
	EndGlobalSection
	GlobalSection(SolutionProperties) = preSolution
		HideSolutionNode = FALSE
	EndGlobalSection
	GlobalSection(ExtensibilityGlobals) = postSolution
		SolutionGuid = {EDB1BCDE-01A3-4D6F-89CA-11428E317C09}
	EndGlobalSection
EndGlobal
